
Microsoft Visual Studio Solution File, Format Version 12.00
# Visual Studio 15
VisualStudioVersion = 15.0.28307.168
MinimumVisualStudioVersion = 10.0.40219.1
Project("{9A19103F-16F7-4668-BE54-9A1E7A4F7556}") = "GreetingApp", "GreetingApp.csproj", "{BF3F29F0-2269-44D8-8DC3-E15B9B1ECFC1}"
EndProject
Project("{FAE04EC0-301F-11D3-BF4B-00C04F79EFBC}") = "GreetingClassLibrary", "..\GreetingClassLibrary\GreetingClassLibrary\GreetingClassLibrary.csproj", "{8DE188CB-EA30-42CD-864D-9F084AAF1F37}"
EndProject
Global
	GlobalSection(SolutionConfigurationPlatforms) = preSolution
		Debug|Any CPU = Debug|Any CPU
		Release|Any CPU = Release|Any CPU
	EndGlobalSection
	GlobalSection(ProjectConfigurationPlatforms) = postSolution
		{BF3F29F0-2269-44D8-8DC3-E15B9B1ECFC1}.Debug|Any CPU.ActiveCfg = Debug|Any CPU
		{BF3F29F0-2269-44D8-8DC3-E15B9B1ECFC1}.Debug|Any CPU.Build.0 = Debug|Any CPU
		{BF3F29F0-2269-44D8-8DC3-E15B9B1ECFC1}.Release|Any CPU.ActiveCfg = Release|Any CPU
		{BF3F29F0-2269-44D8-8DC3-E15B9B1ECFC1}.Release|Any CPU.Build.0 = Release|Any CPU
		{8DE188CB-EA30-42CD-864D-9F084AAF1F37}.Debug|Any CPU.ActiveCfg = Debug|Any CPU
		{8DE188CB-EA30-42CD-864D-9F084AAF1F37}.Debug|Any CPU.Build.0 = Debug|Any CPU
		{8DE188CB-EA30-42CD-864D-9F084AAF1F37}.Release|Any CPU.ActiveCfg = Release|Any CPU
		{8DE188CB-EA30-42CD-864D-9F084AAF1F37}.Release|Any CPU.Build.0 = Release|Any CPU
	EndGlobalSection
	GlobalSection(SolutionProperties) = preSolution
		HideSolutionNode = FALSE
	EndGlobalSection
	GlobalSection(ExtensibilityGlobals) = postSolution
		SolutionGuid = {C68F0FC1-5B21-45ED-A1E5-4EA4481DE50D}
	EndGlobalSection
EndGlobal
